// !$*UTF8*$!
{
	archiveVersion = 1;
	classes = {
	};
	objectVersion = 56;
	objects = {

/* Begin PBXBuildFile section */
		DF8A306F2AEB8BB0001A0B6F /* MyAppApp.swift in Sources */ = {isa = PBXBuildFile; fileRef = DF8A306E2AEB8BB0001A0B6F /* MyAppApp.swift */; };
		DF8A30712AEB8BB0001A0B6F /* ContentView.swift in Sources */ = {isa = PBXBuildFile; fileRef = DF8A30702AEB8BB0001A0B6F /* ContentView.swift */; };
		DF8A30732AEB8BB2001A0B6F /* Assets.xcassets in Resources */ = {isa = PBXBuildFile; fileRef = DF8A30722AEB8BB2001A0B6F /* Assets.xcassets */; };
		DF8A30762AEB8BB2001A0B6F /* Preview Assets.xcassets in Resources */ = {isa = PBXBuildFile; fileRef = DF8A30752AEB8BB2001A0B6F /* Preview Assets.xcassets */; };
		DF8A307F2AEB9A35001A0B6F /* CircleImage.swift in Sources */ = {isa = PBXBuildFile; fileRef = DF8A307E2AEB9A35001A0B6F /* CircleImage.swift */; };
		DF8A30832AEB9DC5001A0B6F /* MapView.swift in Sources */ = {isa = PBXBuildFile; fileRef = DF8A30822AEB9DC5001A0B6F /* MapView.swift */; };
		DF8A30852AEBA6B1001A0B6F /* landmarkData.json in Resources */ = {isa = PBXBuildFile; fileRef = DF8A30842AEBA6B0001A0B6F /* landmarkData.json */; };
		DF8A30872AEBA6CD001A0B6F /* Landmark.swift in Sources */ = {isa = PBXBuildFile; fileRef = DF8A30862AEBA6CD001A0B6F /* Landmark.swift */; };
		DF8A30892AEBAB79001A0B6F /* ModelData.swift in Sources */ = {isa = PBXBuildFile; fileRef = DF8A30882AEBAB79001A0B6F /* ModelData.swift */; };
		DF8A30902AEC2DD4001A0B6F /* LandmarkRow.swift in Sources */ = {isa = PBXBuildFile; fileRef = DF8A308F2AEC2DD4001A0B6F /* LandmarkRow.swift */; };
		DF8A30922AEC315A001A0B6F /* LandmarkList.swift in Sources */ = {isa = PBXBuildFile; fileRef = DF8A30912AEC315A001A0B6F /* LandmarkList.swift */; };
		DFD5D9D42AEC48B00000AC33 /* LandmarkDetail.swift in Sources */ = {isa = PBXBuildFile; fileRef = DFD5D9D32AEC48B00000AC33 /* LandmarkDetail.swift */; };
/* End PBXBuildFile section */

/* Begin PBXFileReference section */
		DF8A306B2AEB8BB0001A0B6F /* MyApp.app */ = {isa = PBXFileReference; explicitFileType = wrapper.application; includeInIndex = 0; path = MyApp.app; sourceTree = BUILT_PRODUCTS_DIR; };
		DF8A306E2AEB8BB0001A0B6F /* MyAppApp.swift */ = {isa = PBXFileReference; lastKnownFileType = sourcecode.swift; path = MyAppApp.swift; sourceTree = "<group>"; };
		DF8A30702AEB8BB0001A0B6F /* ContentView.swift */ = {isa = PBXFileReference; lastKnownFileType = sourcecode.swift; path = ContentView.swift; sourceTree = "<group>"; };
		DF8A30722AEB8BB2001A0B6F /* Assets.xcassets */ = {isa = PBXFileReference; lastKnownFileType = folder.assetcatalog; path = Assets.xcassets; sourceTree = "<group>"; };
		DF8A30752AEB8BB2001A0B6F /* Preview Assets.xcassets */ = {isa = PBXFileReference; lastKnownFileType = folder.assetcatalog; path = "Preview Assets.xcassets"; sourceTree = "<group>"; };
		DF8A307E2AEB9A35001A0B6F /* CircleImage.swift */ = {isa = PBXFileReference; lastKnownFileType = sourcecode.swift; path = CircleImage.swift; sourceTree = "<group>"; };
		DF8A30822AEB9DC5001A0B6F /* MapView.swift */ = {isa = PBXFileReference; lastKnownFileType = sourcecode.swift; path = MapView.swift; sourceTree = "<group>"; };
		DF8A30842AEBA6B0001A0B6F /* landmarkData.json */ = {isa = PBXFileReference; fileEncoding = 4; lastKnownFileType = text.json; path = landmarkData.json; sourceTree = "<group>"; };
		DF8A30862AEBA6CD001A0B6F /* Landmark.swift */ = {isa = PBXFileReference; lastKnownFileType = sourcecode.swift; path = Landmark.swift; sourceTree = "<group>"; };
		DF8A30882AEBAB79001A0B6F /* ModelData.swift */ = {isa = PBXFileReference; lastKnownFileType = sourcecode.swift; path = ModelData.swift; sourceTree = "<group>"; };
		DF8A308F2AEC2DD4001A0B6F /* LandmarkRow.swift */ = {isa = PBXFileReference; lastKnownFileType = sourcecode.swift; path = LandmarkRow.swift; sourceTree = "<group>"; };
		DF8A30912AEC315A001A0B6F /* LandmarkList.swift */ = {isa = PBXFileReference; lastKnownFileType = sourcecode.swift; path = LandmarkList.swift; sourceTree = "<group>"; };
		DFD5D9D32AEC48B00000AC33 /* LandmarkDetail.swift */ = {isa = PBXFileReference; lastKnownFileType = sourcecode.swift; path = LandmarkDetail.swift; sourceTree = "<group>"; };
/* End PBXFileReference section */

/* Begin PBXFrameworksBuildPhase section */
		DF8A30682AEB8BB0001A0B6F /* Frameworks */ = {
			isa = PBXFrameworksBuildPhase;
			buildActionMask = 2147483647;
			files = (
			);
			runOnlyForDeploymentPostprocessing = 0;
		};
/* End PBXFrameworksBuildPhase section */

/* Begin PBXGroup section */
		DF8A30622AEB8BB0001A0B6F = {
			isa = PBXGroup;
			children = (
				DF8A306D2AEB8BB0001A0B6F /* MyApp */,
				DF8A306C2AEB8BB0001A0B6F /* Products */,
			);
			sourceTree = "<group>";
		};
		DF8A306C2AEB8BB0001A0B6F /* Products */ = {
			isa = PBXGroup;
			children = (
				DF8A306B2AEB8BB0001A0B6F /* MyApp.app */,
			);
			name = Products;
			sourceTree = "<group>";
		};
		DF8A306D2AEB8BB0001A0B6F /* MyApp */ = {
			isa = PBXGroup;
			children = (
				DF8A306E2AEB8BB0001A0B6F /* MyAppApp.swift */,
				DF8A308B2AEBAF10001A0B6F /* Views */,
				DF8A308A2AEBAB8A001A0B6F /* Model */,
				DF8A308E2AEBAF77001A0B6F /* Resources */,
				DF8A30722AEB8BB2001A0B6F /* Assets.xcassets */,
				DF8A30742AEB8BB2001A0B6F /* Preview Content */,
			);
			path = MyApp;
			sourceTree = "<group>";
		};
		DF8A30742AEB8BB2001A0B6F /* Preview Content */ = {
			isa = PBXGroup;
			children = (
				DF8A30752AEB8BB2001A0B6F /* Preview Assets.xcassets */,
			);
			path = "Preview Content";
			sourceTree = "<group>";
		};
		DF8A308A2AEBAB8A001A0B6F /* Model */ = {
			isa = PBXGroup;
			children = (
				DF8A30882AEBAB79001A0B6F /* ModelData.swift */,
				DF8A30862AEBA6CD001A0B6F /* Landmark.swift */,
			);
			path = Model;
			sourceTree = "<group>";
		};
		DF8A308B2AEBAF10001A0B6F /* Views */ = {
			isa = PBXGroup;
			children = (
				DF8A30702AEB8BB0001A0B6F /* ContentView.swift */,
				DF8A30822AEB9DC5001A0B6F /* MapView.swift */,
				DF8A307E2AEB9A35001A0B6F /* CircleImage.swift */,
				DF8A308F2AEC2DD4001A0B6F /* LandmarkRow.swift */,
				DF8A30912AEC315A001A0B6F /* LandmarkList.swift */,
				DFD5D9D32AEC48B00000AC33 /* LandmarkDetail.swift */,
			);
			path = Views;
			sourceTree = "<group>";
		};
		DF8A308E2AEBAF77001A0B6F /* Resources */ = {
			isa = PBXGroup;
			children = (
				DF8A30842AEBA6B0001A0B6F /* landmarkData.json */,
			);
			path = Resources;
			sourceTree = "<group>";
		};
/* End PBXGroup section */

/* Begin PBXNativeTarget section */
		DF8A306A2AEB8BB0001A0B6F /* MyApp */ = {
			isa = PBXNativeTarget;
			buildConfigurationList = DF8A30792AEB8BB2001A0B6F /* Build configuration list for PBXNativeTarget "MyApp" */;
			buildPhases = (
				DF8A30672AEB8BB0001A0B6F /* Sources */,
				DF8A30682AEB8BB0001A0B6F /* Frameworks */,
				DF8A30692AEB8BB0001A0B6F /* Resources */,
			);
			buildRules = (
			);
			dependencies = (
			);
			name = MyApp;
			productName = MyApp;
			productReference = DF8A306B2AEB8BB0001A0B6F /* MyApp.app */;
			productType = "com.apple.product-type.application";
		};
/* End PBXNativeTarget section */

/* Begin PBXProject section */
		DF8A30632AEB8BB0001A0B6F /* Project object */ = {
			isa = PBXProject;
			attributes = {
				BuildIndependentTargetsInParallel = 1;
				LastSwiftUpdateCheck = 1510;
				LastUpgradeCheck = 1510;
				TargetAttributes = {
					DF8A306A2AEB8BB0001A0B6F = {
						CreatedOnToolsVersion = 15.1;
					};
				};
			};
			buildConfigurationList = DF8A30662AEB8BB0001A0B6F /* Build configuration list for PBXProject "MyApp" */;
			compatibilityVersion = "Xcode 14.0";
			developmentRegion = en;
			hasScannedForEncodings = 0;
			knownRegions = (
				en,
				Base,
			);
			mainGroup = DF8A30622AEB8BB0001A0B6F;
			productRefGroup = DF8A306C2AEB8BB0001A0B6F /* Products */;
			projectDirPath = "";
			projectRoot = "";
			targets = (
				DF8A306A2AEB8BB0001A0B6F /* MyApp */,
			);
		};
/* End PBXProject section */

/* Begin PBXResourcesBuildPhase section */
		DF8A30692AEB8BB0001A0B6F /* Resources */ = {
			isa = PBXResourcesBuildPhase;
			buildActionMask = 2147483647;
			files = (
				DF8A30762AEB8BB2001A0B6F /* Preview Assets.xcassets in Resources */,
				DF8A30732AEB8BB2001A0B6F /* Assets.xcassets in Resources */,
				DF8A30852AEBA6B1001A0B6F /* landmarkData.json in Resources */,
			);
			runOnlyForDeploymentPostprocessing = 0;
		};
/* End PBXResourcesBuildPhase section */

/* Begin PBXSourcesBuildPhase section */
		DF8A30672AEB8BB0001A0B6F /* Sources */ = {
			isa = PBXSourcesBuildPhase;
			buildActionMask = 2147483647;
			files = (
				DF8A30712AEB8BB0001A0B6F /* ContentView.swift in Sources */,
				DF8A306F2AEB8BB0001A0B6F /* MyAppApp.swift in Sources */,
				DF8A30832AEB9DC5001A0B6F /* MapView.swift in Sources */,
				DF8A30922AEC315A001A0B6F /* LandmarkList.swift in Sources */,
				DFD5D9D42AEC48B00000AC33 /* LandmarkDetail.swift in Sources */,
				DF8A307F2AEB9A35001A0B6F /* CircleImage.swift in Sources */,
				DF8A30872AEBA6CD001A0B6F /* Landmark.swift in Sources */,
				DF8A30902AEC2DD4001A0B6F /* LandmarkRow.swift in Sources */,
				DF8A30892AEBAB79001A0B6F /* ModelData.swift in Sources */,
			);
			runOnlyForDeploymentPostprocessing = 0;
		};
/* End PBXSourcesBuildPhase section */

/* Begin XCBuildConfiguration section */
		DF8A30772AEB8BB2001A0B6F /* Debug */ = {
			isa = XCBuildConfiguration;
			buildSettings = {
				ALWAYS_SEARCH_USER_PATHS = NO;
				ASSETCATALOG_COMPILER_GENERATE_SWIFT_ASSET_SYMBOL_EXTENSIONS = YES;
				CLANG_ANALYZER_NONNULL = YES;
				CLANG_ANALYZER_NUMBER_OBJECT_CONVERSION = YES_AGGRESSIVE;
				CLANG_CXX_LANGUAGE_STANDARD = "gnu++20";
				CLANG_ENABLE_MODULES = YES;
				CLANG_ENABLE_OBJC_ARC = YES;
				CLANG_ENABLE_OBJC_WEAK = YES;
				CLANG_WARN_BLOCK_CAPTURE_AUTORELEASING = YES;
				CLANG_WARN_BOOL_CONVERSION = YES;
				CLANG_WARN_COMMA = YES;
				CLANG_WARN_CONSTANT_CONVERSION = YES;
				CLANG_WARN_DEPRECATED_OBJC_IMPLEMENTATIONS = YES;
				CLANG_WARN_DIRECT_OBJC_ISA_USAGE = YES_ERROR;
				CLANG_WARN_DOCUMENTATION_COMMENTS = YES;
				CLANG_WARN_EMPTY_BODY = YES;
				CLANG_WARN_ENUM_CONVERSION = YES;
				CLANG_WARN_INFINITE_RECURSION = YES;
				CLANG_WARN_INT_CONVERSION = YES;
				CLANG_WARN_NON_LITERAL_NULL_CONVERSION = YES;
				CLANG_WARN_OBJC_IMPLICIT_RETAIN_SELF = YES;
				CLANG_WARN_OBJC_LITERAL_CONVERSION = YES;
				CLANG_WARN_OBJC_ROOT_CLASS = YES_ERROR;
				CLANG_WARN_QUOTED_INCLUDE_IN_FRAMEWORK_HEADER = YES;
				CLANG_WARN_RANGE_LOOP_ANALYSIS = YES;
				CLANG_WARN_STRICT_PROTOTYPES = YES;
				CLANG_WARN_SUSPICIOUS_MOVE = YES;
				CLANG_WARN_UNGUARDED_AVAILABILITY = YES_AGGRESSIVE;
				CLANG_WARN_UNREACHABLE_CODE = YES;
				CLANG_WARN__DUPLICATE_METHOD_MATCH = YES;
				COPY_PHASE_STRIP = NO;
				DEBUG_INFORMATION_FORMAT = dwarf;
				ENABLE_STRICT_OBJC_MSGSEND = YES;
				ENABLE_TESTABILITY = YES;
				ENABLE_USER_SCRIPT_SANDBOXING = YES;
				GCC_C_LANGUAGE_STANDARD = gnu17;
				GCC_DYNAMIC_NO_PIC = NO;
				GCC_NO_COMMON_BLOCKS = YES;
				GCC_OPTIMIZATION_LEVEL = 0;
				GCC_PREPROCESSOR_DEFINITIONS = (
					"DEBUG=1",
					"$(inherited)",
				);
				GCC_WARN_64_TO_32_BIT_CONVERSION = YES;
				GCC_WARN_ABOUT_RETURN_TYPE = YES_ERROR;
				GCC_WARN_UNDECLARED_SELECTOR = YES;
				GCC_WARN_UNINITIALIZED_AUTOS = YES_AGGRESSIVE;
				GCC_WARN_UNUSED_FUNCTION = YES;
				GCC_WARN_UNUSED_VARIABLE = YES;
				IPHONEOS_DEPLOYMENT_TARGET = 17.2;
				LOCALIZATION_PREFERS_STRING_CATALOGS = YES;
				MTL_ENABLE_DEBUG_INFO = INCLUDE_SOURCE;
				MTL_FAST_MATH = YES;
				ONLY_ACTIVE_ARCH = YES;
				SDKROOT = iphoneos;
				SWIFT_ACTIVE_COMPILATION_CONDITIONS = "DEBUG $(inherited)";
				SWIFT_OPTIMIZATION_LEVEL = "-Onone";
			};
			name = Debug;
		};
		DF8A30782AEB8BB2001A0B6F /* Release */ = {
			isa = XCBuildConfiguration;
			buildSettings = {
				ALWAYS_SEARCH_USER_PATHS = NO;
				ASSETCATALOG_COMPILER_GENERATE_SWIFT_ASSET_SYMBOL_EXTENSIONS = YES;
				CLANG_ANALYZER_NONNULL = YES;
				CLANG_ANALYZER_NUMBER_OBJECT_CONVERSION = YES_AGGRESSIVE;
				CLANG_CXX_LANGUAGE_STANDARD = "gnu++20";
				CLANG_ENABLE_MODULES = YES;
				CLANG_ENABLE_OBJC_ARC = YES;
				CLANG_ENABLE_OBJC_WEAK = YES;
				CLANG_WARN_BLOCK_CAPTURE_AUTORELEASING = YES;
				CLANG_WARN_BOOL_CONVERSION = YES;
				CLANG_WARN_COMMA = YES;
				CLANG_WARN_CONSTANT_CONVERSION = YES;
				CLANG_WARN_DEPRECATED_OBJC_IMPLEMENTATIONS = YES;
				CLANG_WARN_DIRECT_OBJC_ISA_USAGE = YES_ERROR;
				CLANG_WARN_DOCUMENTATION_COMMENTS = YES;
				CLANG_WARN_EMPTY_BODY = YES;
				CLANG_WARN_ENUM_CONVERSION = YES;
				CLANG_WARN_INFINITE_RECURSION = YES;
				CLANG_WARN_INT_CONVERSION = YES;
				CLANG_WARN_NON_LITERAL_NULL_CONVERSION = YES;
				CLANG_WARN_OBJC_IMPLICIT_RETAIN_SELF = YES;
				CLANG_WARN_OBJC_LITERAL_CONVERSION = YES;
				CLANG_WARN_OBJC_ROOT_CLASS = YES_ERROR;
				CLANG_WARN_QUOTED_INCLUDE_IN_FRAMEWORK_HEADER = YES;
				CLANG_WARN_RANGE_LOOP_ANALYSIS = YES;
				CLANG_WARN_STRICT_PROTOTYPES = YES;
				CLANG_WARN_SUSPICIOUS_MOVE = YES;
				CLANG_WARN_UNGUARDED_AVAILABILITY = YES_AGGRESSIVE;
				CLANG_WARN_UNREACHABLE_CODE = YES;
				CLANG_WARN__DUPLICATE_METHOD_MATCH = YES;
				COPY_PHASE_STRIP = NO;
				DEBUG_INFORMATION_FORMAT = "dwarf-with-dsym";
				ENABLE_NS_ASSERTIONS = NO;
				ENABLE_STRICT_OBJC_MSGSEND = YES;
				ENABLE_USER_SCRIPT_SANDBOXING = YES;
				GCC_C_LANGUAGE_STANDARD = gnu17;
				GCC_NO_COMMON_BLOCKS = YES;
				GCC_WARN_64_TO_32_BIT_CONVERSION = YES;
				GCC_WARN_ABOUT_RETURN_TYPE = YES_ERROR;
				GCC_WARN_UNDECLARED_SELECTOR = YES;
				GCC_WARN_UNINITIALIZED_AUTOS = YES_AGGRESSIVE;
				GCC_WARN_UNUSED_FUNCTION = YES;
				GCC_WARN_UNUSED_VARIABLE = YES;
				IPHONEOS_DEPLOYMENT_TARGET = 17.2;
				LOCALIZATION_PREFERS_STRING_CATALOGS = YES;
				MTL_ENABLE_DEBUG_INFO = NO;
				MTL_FAST_MATH = YES;
				SDKROOT = iphoneos;
				SWIFT_COMPILATION_MODE = wholemodule;
				VALIDATE_PRODUCT = YES;
			};
			name = Release;
		};
		DF8A307A2AEB8BB2001A0B6F /* Debug */ = {
			isa = XCBuildConfiguration;
			buildSettings = {
				ASSETCATALOG_COMPILER_APPICON_NAME = AppIcon;
				ASSETCATALOG_COMPILER_GLOBAL_ACCENT_COLOR_NAME = AccentColor;
				CODE_SIGN_STYLE = Automatic;
				CURRENT_PROJECT_VERSION = 1;
				DEVELOPMENT_ASSET_PATHS = "\"MyApp/Preview Content\"";
				DEVELOPMENT_TEAM = CPJ729ND79;
				ENABLE_PREVIEWS = YES;
				GENERATE_INFOPLIST_FILE = YES;
				INFOPLIST_KEY_UIApplicationSceneManifest_Generation = YES;
				INFOPLIST_KEY_UIApplicationSupportsIndirectInputEvents = YES;
				INFOPLIST_KEY_UILaunchScreen_Generation = YES;
				INFOPLIST_KEY_UISupportedInterfaceOrientations_iPad = "UIInterfaceOrientationPortrait UIInterfaceOrientationPortraitUpsideDown UIInterfaceOrientationLandscapeLeft UIInterfaceOrientationLandscapeRight";
				INFOPLIST_KEY_UISupportedInterfaceOrientations_iPhone = "UIInterfaceOrientationPortrait UIInterfaceOrientationLandscapeLeft UIInterfaceOrientationLandscapeRight";
				LD_RUNPATH_SEARCH_PATHS = (
					"$(inherited)",
					"@executable_path/Frameworks",
				);
				MARKETING_VERSION = 1.0;
				PRODUCT_BUNDLE_IDENTIFIER = com.Austin.MyApp;
				PRODUCT_NAME = "$(TARGET_NAME)";
				SWIFT_EMIT_LOC_STRINGS = YES;
				SWIFT_VERSION = 5.0;
				TARGETED_DEVICE_FAMILY = "1,2";
			};
			name = Debug;
		};
		DF8A307B2AEB8BB2001A0B6F /* Release */ = {
			isa = XCBuildConfiguration;
			buildSettings = {
				ASSETCATALOG_COMPILER_APPICON_NAME = AppIcon;
				ASSETCATALOG_COMPILER_GLOBAL_ACCENT_COLOR_NAME = AccentColor;
				CODE_SIGN_STYLE = Automatic;
				CURRENT_PROJECT_VERSION = 1;
				DEVELOPMENT_ASSET_PATHS = "\"MyApp/Preview Content\"";
				DEVELOPMENT_TEAM = CPJ729ND79;
				ENABLE_PREVIEWS = YES;
				GENERATE_INFOPLIST_FILE = YES;
				INFOPLIST_KEY_UIApplicationSceneManifest_Generation = YES;
				INFOPLIST_KEY_UIApplicationSupportsIndirectInputEvents = YES;
				INFOPLIST_KEY_UILaunchScreen_Generation = YES;
				INFOPLIST_KEY_UISupportedInterfaceOrientations_iPad = "UIInterfaceOrientationPortrait UIInterfaceOrientationPortraitUpsideDown UIInterfaceOrientationLandscapeLeft UIInterfaceOrientationLandscapeRight";
				INFOPLIST_KEY_UISupportedInterfaceOrientations_iPhone = "UIInterfaceOrientationPortrait UIInterfaceOrientationLandscapeLeft UIInterfaceOrientationLandscapeRight";
				LD_RUNPATH_SEARCH_PATHS = (
					"$(inherited)",
					"@executable_path/Frameworks",
				);
				MARKETING_VERSION = 1.0;
				PRODUCT_BUNDLE_IDENTIFIER = com.Austin.MyApp;
				PRODUCT_NAME = "$(TARGET_NAME)";
				SWIFT_EMIT_LOC_STRINGS = YES;
				SWIFT_VERSION = 5.0;
				TARGETED_DEVICE_FAMILY = "1,2";
			};
			name = Release;
		};
/* End XCBuildConfiguration section */

/* Begin XCConfigurationList section */
		DF8A30662AEB8BB0001A0B6F /* Build configuration list for PBXProject "MyApp" */ = {
			isa = XCConfigurationList;
			buildConfigurations = (
				DF8A30772AEB8BB2001A0B6F /* Debug */,
				DF8A30782AEB8BB2001A0B6F /* Release */,
			);
			defaultConfigurationIsVisible = 0;
			defaultConfigurationName = Release;
		};
		DF8A30792AEB8BB2001A0B6F /* Build configuration list for PBXNativeTarget "MyApp" */ = {
			isa = XCConfigurationList;
			buildConfigurations = (
				DF8A307A2AEB8BB2001A0B6F /* Debug */,
				DF8A307B2AEB8BB2001A0B6F /* Release */,
			);
			defaultConfigurationIsVisible = 0;
			defaultConfigurationName = Release;
		};
/* End XCConfigurationList section */
	};
	rootObject = DF8A30632AEB8BB0001A0B6F /* Project object */;
}
